lockfileVersion: '9.0'

settings:
  autoInstallPeers: true
  excludeLinksFromLockfile: false

importers:

  .:
    devDependencies:
      '@girs/adw-1':
        specifier: 1.8.0-4.0.0-beta.23
        version: 1.8.0-4.0.0-beta.23
      '@girs/clutter-13':
        specifier: 13.0.0-4.0.0-beta.23
        version: 13.0.0-4.0.0-beta.23
      '@girs/cogl-13':
        specifier: 13.0.0-4.0.0-beta.23
        version: 13.0.0-4.0.0-beta.23
      '@girs/gdk-4.0':
        specifier: 4.0.0-4.0.0-beta.23
        version: 4.0.0-4.0.0-beta.23
      '@girs/gdkpixbuf-2.0':
        specifier: 2.0.0-4.0.0-beta.23
        version: 2.0.0-4.0.0-beta.23
      '@girs/gio-2.0':
        specifier: 2.84.0-4.0.0-beta.23
        version: 2.84.0-4.0.0-beta.23
      '@girs/gjs':
        specifier: 4.0.0-beta.23
        version: 4.0.0-beta.23
      '@girs/glib-2.0':
        specifier: 2.84.0-4.0.0-beta.23
        version: 2.84.0-4.0.0-beta.23
      '@girs/gnome-shell':
        specifier: 48.0.2
        version: 48.0.2
      '@girs/gobject-2.0':
        specifier: 2.84.0-4.0.0-beta.23
        version: 2.84.0-4.0.0-beta.23
      '@girs/graphene-1.0':
        specifier: 1.0.0-4.0.0-beta.23
        version: 1.0.0-4.0.0-beta.23
      '@girs/gsk-4.0':
        specifier: 4.0.0-4.0.0-beta.23
        version: 4.0.0-4.0.0-beta.23
      '@girs/gtk-4.0':
        specifier: 4.18.3-4.0.0-beta.23
        version: 4.18.3-4.0.0-beta.23
      '@girs/meta-13':
        specifier: 13.0.0-4.0.0-beta.23
        version: 13.0.0-4.0.0-beta.23
      '@girs/pango-1.0':
        specifier: 1.56.4-4.0.0-beta.23
        version: 1.56.4-4.0.0-beta.23
      '@girs/shell-13':
        specifier: 13.0.0-4.0.0-beta.23
        version: 13.0.0-4.0.0-beta.23
      '@girs/soup-3.0':
        specifier: 3.6.4-4.0.0-beta.23
        version: 3.6.4-4.0.0-beta.23
      '@girs/st-13':
        specifier: 13.0.0-4.0.0-beta.23
        version: 13.0.0-4.0.0-beta.23

packages:

  '@girs/accountsservice-1.0@1.0.0-4.0.0-beta.23':
    resolution: {integrity: sha512-QR7xfIvNbovmhNzzma+NxIMsQR8zgTaYk16Dqa/4YD8XBWrAgWuQhwEKKibG9KbQe5+YSUDUxJlbkSeOb3S5mg==}

  '@girs/adw-1@1.8.0-4.0.0-beta.23':
    resolution: {integrity: sha512-yDhOFc7qHTvIXo5naYuljtmpipP+z0JCyw6qw+mGEwyh0PXF9VA7MOUu5lUVQAsJgwUD5hLsWmqhd/JxnaXf7Q==}

  '@girs/atk-1.0@2.56.0-4.0.0-beta.23':
    resolution: {integrity: sha512-5kFs//8rkORYMJh0FQNeNciEQmbMNfA4Jo8AV9du8WiWGAdFzkPLH9o3eQrqRGIqZBsbqiEy3FS+R9P7+bn/UA==}

  '@girs/cairo-1.0@1.0.0-4.0.0-beta.23':
    resolution: {integrity: sha512-t5fADO+9TmZy8Xzk6Fqk23B3bmakzhNQxa3kFERzy2cL8p1q1pAWm1ARNcadIsl2IbflS4Hbn5sAwRwOm8W67A==}

  '@girs/cally-13@13.0.0-4.0.0-beta.23':
    resolution: {integrity: sha512-JDGsjH1F60k+59LHyfWH76FF/iK/jUR2AyXSNnIyFdB9PpboQn4lKNY6u9TxHfDdLnrTMdnBC6BGA+ZSoxnWZA==}

  '@girs/clutter-13@13.0.0-4.0.0-beta.23':
    resolution: {integrity: sha512-2noKPkO66JgDipvEgYbGKkPWTmAURnszG/6an+4vGCe4iQ4C3NWvgLbeqVMVI3cpDeaDDFfS6w0UNojuQBAlyA==}

  '@girs/clutter-16@16.0.0-4.0.0-beta.23':
    resolution: {integrity: sha512-dQ0cfxSa4E0AAfsFhs8Yd/eFHv7286c5oo7cku13nlEYBFQpyfUfa+CMSclAbUBUxM35PseXGXEy0jegkKpbXQ==}

  '@girs/cogl-13@13.0.0-4.0.0-beta.23':
    resolution: {integrity: sha512-PWo9XXI+7OWaNgJ6wu/6lnKoKdZsPUZRHBGygiZoOeg8trPQCSUc9dB10gcgrUaqdf6W1OEThseBQUoVuYhgag==}

  '@girs/cogl-16@16.0.0-4.0.0-beta.23':
    resolution: {integrity: sha512-0UxbYg0gk0lcGnAwArY0Gq6ljfpzTUcnlyn1iCVI51nvFTyVCIRk4e89PM30aE/QN0daeFs/4+fjEsYUhHKNjA==}

  '@girs/cogl-2.0@2.0.0-4.0.0-beta.23':
    resolution: {integrity: sha512-OSFZav9AiarIY5YuTEjOAG1IghHMuz/E+ZroPtuuI4Nhjp5AGVj7OevVw6QOVzhrGY95a3/ZhSP5sSpI8EdWyA==}

  '@girs/coglpango-13@13.0.0-4.0.0-beta.23':
    resolution: {integrity: sha512-G380OcvUSVhvgYWQVnYO/IbP36/FgqCB17nS32MQe2bDuGN196zRQBg+sbkf3A4BJ5peA5jSvcd8XalDqUKivg==}

  '@girs/freetype2-2.0@2.0.0-4.0.0-beta.23':
    resolution: {integrity: sha512-DpMJET2s2ZXmGjScv+tu8tyEDIT6mIEWgY/Lp5HaXTUkKpw+LdtVV0bEwiXMYn3TSs6QYJZyBxNlwTSD3qb+Ww==}

  '@girs/gck-2@4.4.0-4.0.0-beta.23':
    resolution: {integrity: sha512-PY1yLymRxNDnUMrLAvu6dAImoUco4RpkFv+u72AUGXcgbmvPNcRwBC/11TcLHlqnzOzy31QjWZBYsbUE89jWiA==}

  '@girs/gcr-4@4.4.0-4.0.0-beta.23':
    resolution: {integrity: sha512-Oo6/wDbbAq+ytfFGhOHFjOjfVdhTkE0EvdvTLSa31qNfCEI+0I0OwL1gG35DoUCKeESqd6WgpqMXmMnop3/yIg==}

  '@girs/gdesktopenums-3.0@3.0.0-4.0.0-beta.23':
    resolution: {integrity: sha512-T2LpS68w/HtOH1Cd/RGWOXrqPJEsUNOhUOpjwZhH6lu3Ey1IYEq5yyyIeWi3ts9QS4SjbhZvqMTJKFwA5xywMw==}

  '@girs/gdk-4.0@4.0.0-4.0.0-beta.23':
    resolution: {integrity: sha512-esdIxWgxyKQKYAsQBnTZPHocf5CXwEovt6Xp2aIVxbATLzzd0x35194PPjq51IbZ7eRi/XnBC9yTlNI5JYVNog==}

  '@girs/gdkpixbuf-2.0@2.0.0-4.0.0-beta.23':
    resolution: {integrity: sha512-Apku+aCEsosPXdEOnDtI3GPdX2Seo2rWUm10aY3ijGOnvafjmsJkHwWlThHzV850Ygi7dw3hBBys0z8hG6Cf1A==}

  '@girs/gdm-1.0@1.0.0-4.0.0-beta.23':
    resolution: {integrity: sha512-mKsmZTShn6xh0yzFcgzCddG3X2oXQi0nc5Q3AR3TPk+UURbREBdJwzeoIKI3Uqi03gwaRQVtFopHQ1B5IRSTAg==}

  '@girs/gio-2.0@2.84.0-4.0.0-beta.23':
    resolution: {integrity: sha512-FcGgYQ96KhdeFJvUYsIm0XmOYaYnTfpHKzPUOW4IcJm5q38RNDKgoijBMfedv3fMxnPDtpMb08ZFD6P1GjJY8A==}

  '@girs/gjs@4.0.0-beta.23':
    resolution: {integrity: sha512-Yz1s23WaGAsVHetWFReVxeYDJbVFtJ6KZ7u+qzWa/B3P2mB+5aXpGc7nV6Bx7GbRc48FuGgtbKxVo0rq26Ug/Q==}

  '@girs/gl-1.0@1.0.0-4.0.0-beta.23':
    resolution: {integrity: sha512-OaaqoeoZG2ovpf0SrDXDVNZOGk5Ay+tdw6M+sAsqjI+02epWgItWvdl3HfGd/82ENviIufw3s+vtWKodNUoWFw==}

  '@girs/glib-2.0@2.84.0-4.0.0-beta.23':
    resolution: {integrity: sha512-epQae3f9rDeIrEgA9hOEiNAppJYQAfVRZ4Uh/0yO9NtAQR6PTfXUpjotw9ndjVxsHpEmRODoM2t/kytCYqKmVg==}

  '@girs/gmodule-2.0@2.0.0-4.0.0-beta.23':
    resolution: {integrity: sha512-Dc+Pq1peNlwQ0o/WFsUzT1qt3oqgMLBhzjEfOTGAD0Jw1Ut3QCoBuryVFFNMIruOKnSSBoBnQO7Qelly5aSd2w==}

  '@girs/gnome-shell@48.0.2':
    resolution: {integrity: sha512-hrlnTCc6y9O7GTn7M7YAufKdmIF8Et7ZFTRRUVXyv3hBHAor0bUFDrHdmVD+D7KdMHCJrtaLW6EtUCRQyovU2A==}

  '@girs/gnomebg-4.0@4.0.0-4.0.0-beta.23':
    resolution: {integrity: sha512-mXipjnVd+lUSMhUeugo49TXo32ihlKiN2ggpGDLIcD6ZfGe644DSgxoHFeYkn44HmNW39DvSqF9AcSvLP0cZJA==}

  '@girs/gnomebluetooth-3.0@3.0.0-4.0.0-beta.23':
    resolution: {integrity: sha512-nLpLGgJwqaxtrie//bodjb9+CnELo6AqXM6QDi13C2pDlfMZGeCdLZj3kRvqqCLnPRJybIUVEjRLSEloZUHJnQ==}

  '@girs/gnomedesktop-4.0@4.0.0-4.0.0-beta.23':
    resolution: {integrity: sha512-pkH6574kp371HH0F/M77lz7e8fK4hzpxaOz5w2cNoYdU3sMqUgET0nak0gxOsjuTBzd2gPZm3gQHhOz/J4AEtw==}

  '@girs/gobject-2.0@2.84.0-4.0.0-beta.23':
    resolution: {integrity: sha512-GNWQDLo+Nmq2FQNPljKKh4Zplp8vZwwr0hj1sf4lbJ36zbVsovrhfNozqaph0XNjv8vtHeTcXUocGQprM9FHCg==}

  '@girs/graphene-1.0@1.0.0-4.0.0-beta.23':
    resolution: {integrity: sha512-C6HAR88uCAi6xCKip208tPdzYUBFICiCyBSBm+gVzniEfikNM4CVN7+tHHwp4Gd1FKixK5EMVDIYs5sCfToNWQ==}

  '@girs/gsk-4.0@4.0.0-4.0.0-beta.23':
    resolution: {integrity: sha512-zLjklfxLjef6SV5VEQ2+52G/d+hQqmp6HbBu0/Jn5CLFFYe22LmDQWSEtGOn0NwKDL7XltXaxKoT/JBHEQsgcg==}

  '@girs/gtk-4.0@4.18.3-4.0.0-beta.23':
    resolution: {integrity: sha512-CsMPZLHQz+kWP81zR8AfPRpqUh9g1i5QNG08E9shj3Z9hvbR3goXmQXCSjgVxkcD40YsFn2tlc5FF/aztwY45Q==}

  '@girs/gvc-1.0@1.0.0-4.0.0-beta.23':
    resolution: {integrity: sha512-Pzx/2KP0wBBMLmLcpwyVN6HE6SCPjlOqI2GCM81ztfb/EABAxAgq7liMua9RbIlo+eKj7e+GBb3rq8mEphgvcg==}

  '@girs/harfbuzz-0.0@9.0.0-4.0.0-beta.23':
    resolution: {integrity: sha512-9uWYDEUhkyoClR4GHv69AMHRDtcNSwidtA8MG8c1rMDT5qWNWkwfQK5hwX8/oBCbL0LqJNeMfJByIQ3yLfgQGg==}

  '@girs/json-1.0@1.10.7-4.0.0-beta.23':
    resolution: {integrity: sha512-B9ohd9onqQL4/GYOJoDNSjaETCeVJcc04gtyJL2wB6GTZGYoVMvs7SAiJIrm9y31qoe5QqkiMSIOXhhixPYqTQ==}

  '@girs/meta-13@13.0.0-4.0.0-beta.23':
    resolution: {integrity: sha512-uKValucsQiMGKm9ZnJnMiHI9YCOXavjkLcaYDHn4PXeQ41Mn9xwMMskuoLXMa890GLmQhP18b7yo8CuUMz/zwA==}

  '@girs/meta-16@16.0.0-4.0.0-beta.23':
    resolution: {integrity: sha512-qKto7mjzIS3D/uFRJxVWUFAV7VD0H2sbW3FDU9pvyVM++mtnrBnSi3SeTBJhIVFOhFCurcyn4SpqSoD7XkZ0uw==}

  '@girs/mtk-13@13.0.0-4.0.0-beta.23':
    resolution: {integrity: sha512-L6YLMmazUjrb6n4HBFwaq67WTMqENSeua3JnBcbx++f7u3I8BnQ56FXfwRHufRcqnZGXYx2jHkts95aKKBcJNQ==}

  '@girs/mtk-16@16.0.0-4.0.0-beta.23':
    resolution: {integrity: sha512-nLiqoarVgY4nPl6aBsuxzRdiRMGwyXmzlbLSTtCPUsK73QeKWfsdNtU4xDeC3WkBNtYM8mnosF/sqBodbR+lrg==}

  '@girs/nm-1.0@1.49.4-4.0.0-beta.23':
    resolution: {integrity: sha512-N0TCk6b0KDH4p/h91+aiusSHdJ4986vjkc5NFKEPS+QHBUyqHU4nf/+RAU1bfII/KU2rQejJfx/yDRGc6PwyIw==}

  '@girs/pango-1.0@1.56.4-4.0.0-beta.23':
    resolution: {integrity: sha512-gezMBRQerPUt7xLGzx34W0UFK+AVf2S7GPKm1LK8dGGq4qnjkkEdf1w2wcN/iV3lLCxz1+4U0MmBArrqcSe2hQ==}

  '@girs/pangocairo-1.0@1.0.0-4.0.0-beta.23':
    resolution: {integrity: sha512-8omT0HAxzj+IDLIYLv08GjXc43yRs5QXxttEtV+/0aDWX0XOyaenuWg9cNS8lwBKPIa5tW9lcdLCudyBJ2xcqA==}

  '@girs/polkit-1.0@1.0.0-4.0.0-beta.23':
    resolution: {integrity: sha512-jayhgMeindShO2SMbEZduYcFrU5GaHjgJWK7zGdkg3QDSKhy1pZJwxmDJcq/yvNtMmcGsws7aTrLcnAYrhjg0w==}

  '@girs/polkitagent-1.0@1.0.0-4.0.0-beta.23':
    resolution: {integrity: sha512-LAwHOtoaWJ1SuAKBKXeTa2pgHZGUyN6X9qujHpnzVDpli1gawlY7irb7fk/sCkc/Nxt4IgN2YfCE+BENi3726Q==}

  '@girs/shell-13@13.0.0-4.0.0-beta.23':
    resolution: {integrity: sha512-TdEXCZQPW3Awduf3nl3u4JUTPcpUJ3zro17phObU095HeCtaU/FS4nnWo5PmWOTi/7gsY2B/+y2w9sfkdFTuRQ==}

  '@girs/shell-16@16.0.0-4.0.0-beta.23':
    resolution: {integrity: sha512-Gynf4hxPnbuzW6FkmMIay1ky//tmAIWaOvXgV1So+i2BlyglJXCo2WYSCxjEtp0+JrNvSWBnKf7Hnh9S++30dQ==}

  '@girs/shew-0@0.0.0-4.0.0-beta.23':
    resolution: {integrity: sha512-voxcO7uev7ZnrPfGoz9y0HV3fToXe5Q/Dzn1uKDVmebFKlcl8Oznr/zbPEuym+K7lKc4LVMos+f7HelxVfD27w==}

  '@girs/soup-3.0@3.6.4-4.0.0-beta.23':
    resolution: {integrity: sha512-lK/MDVCsTceOnsfzEAw7sASuly2FNTvwdphF321gduE2rzWwIFNJmtaJHkhsg7DMxT2XoXpPWRcCZYZ646CFSw==}

  '@girs/st-13@13.0.0-4.0.0-beta.23':
    resolution: {integrity: sha512-ccqWgFIFXCc1e10y7gCgIRdrWaPrmN3ckuiFm7yLYab4qTrCMMEMtfCmMPt97p+lzWX+FwsPRU0Rs37PiSX5Lg==}

  '@girs/st-16@16.0.0-4.0.0-beta.23':
    resolution: {integrity: sha512-eVaxgQZzwTyhKSv5OD9phI2c8SzKVnMA6b2SahJ4V/PR6pC65JsGZFmJE6WdtU23XKdFEoMnG/CKegKKyaw0eg==}

  '@girs/upowerglib-1.0@0.99.1-4.0.0-beta.23':
    resolution: {integrity: sha512-GpWzIVdXSK2dhk1I7utZIzao7NLSIP4iZ/EOXUUV7HSaDeNW/1orR5jUZMJOQhfH8w0JiFsfaoZTm/7TTZlUPg==}

  '@girs/xfixes-4.0@4.0.0-4.0.0-beta.23':
    resolution: {integrity: sha512-66pjrl+5kXurr1NRBE6rFBixQp3F15HvYrWkzXzrTJABTt3H1it82jsJkprA1h3Z7Z8ucxx/u3fEWMJGY5xUjQ==}

  '@girs/xlib-2.0@2.0.0-4.0.0-beta.23':
    resolution: {integrity: sha512-FETH5hCvxs45ZonJ948nosy0tXAIZPTyrtF0r6TwVvjMHSHuINXsU4ylxM7Uc0xeuFh5KL+3ShAPXzwi9FynVg==}

snapshots:

  '@girs/accountsservice-1.0@1.0.0-4.0.0-beta.23':
    dependencies:
      '@girs/gio-2.0': 2.84.0-4.0.0-beta.23
      '@girs/gjs': 4.0.0-beta.23
      '@girs/glib-2.0': 2.84.0-4.0.0-beta.23
      '@girs/gmodule-2.0': 2.0.0-4.0.0-beta.23
      '@girs/gobject-2.0': 2.84.0-4.0.0-beta.23

  '@girs/adw-1@1.8.0-4.0.0-beta.23':
    dependencies:
      '@girs/cairo-1.0': 1.0.0-4.0.0-beta.23
      '@girs/freetype2-2.0': 2.0.0-4.0.0-beta.23
      '@girs/gdk-4.0': 4.0.0-4.0.0-beta.23
      '@girs/gdkpixbuf-2.0': 2.0.0-4.0.0-beta.23
      '@girs/gio-2.0': 2.84.0-4.0.0-beta.23
      '@girs/gjs': 4.0.0-beta.23
      '@girs/glib-2.0': 2.84.0-4.0.0-beta.23
      '@girs/gmodule-2.0': 2.0.0-4.0.0-beta.23
      '@girs/gobject-2.0': 2.84.0-4.0.0-beta.23
      '@girs/graphene-1.0': 1.0.0-4.0.0-beta.23
      '@girs/gsk-4.0': 4.0.0-4.0.0-beta.23
      '@girs/gtk-4.0': 4.18.3-4.0.0-beta.23
      '@girs/harfbuzz-0.0': 9.0.0-4.0.0-beta.23
      '@girs/pango-1.0': 1.56.4-4.0.0-beta.23
      '@girs/pangocairo-1.0': 1.0.0-4.0.0-beta.23

  '@girs/atk-1.0@2.56.0-4.0.0-beta.23':
    dependencies:
      '@girs/gjs': 4.0.0-beta.23
      '@girs/glib-2.0': 2.84.0-4.0.0-beta.23
      '@girs/gobject-2.0': 2.84.0-4.0.0-beta.23

  '@girs/cairo-1.0@1.0.0-4.0.0-beta.23':
    dependencies:
      '@girs/gjs': 4.0.0-beta.23
      '@girs/glib-2.0': 2.84.0-4.0.0-beta.23
      '@girs/gobject-2.0': 2.84.0-4.0.0-beta.23

  '@girs/cally-13@13.0.0-4.0.0-beta.23':
    dependencies:
      '@girs/atk-1.0': 2.56.0-4.0.0-beta.23
      '@girs/cairo-1.0': 1.0.0-4.0.0-beta.23
      '@girs/clutter-13': 13.0.0-4.0.0-beta.23
      '@girs/cogl-13': 13.0.0-4.0.0-beta.23
      '@girs/coglpango-13': 13.0.0-4.0.0-beta.23
      '@girs/freetype2-2.0': 2.0.0-4.0.0-beta.23
      '@girs/gio-2.0': 2.84.0-4.0.0-beta.23
      '@girs/gjs': 4.0.0-beta.23
      '@girs/gl-1.0': 1.0.0-4.0.0-beta.23
      '@girs/glib-2.0': 2.84.0-4.0.0-beta.23
      '@girs/gmodule-2.0': 2.0.0-4.0.0-beta.23
      '@girs/gobject-2.0': 2.84.0-4.0.0-beta.23
      '@girs/graphene-1.0': 1.0.0-4.0.0-beta.23
      '@girs/harfbuzz-0.0': 9.0.0-4.0.0-beta.23
      '@girs/json-1.0': 1.10.7-4.0.0-beta.23
      '@girs/mtk-13': 13.0.0-4.0.0-beta.23
      '@girs/pango-1.0': 1.56.4-4.0.0-beta.23
      '@girs/pangocairo-1.0': 1.0.0-4.0.0-beta.23

  '@girs/clutter-13@13.0.0-4.0.0-beta.23':
    dependencies:
      '@girs/atk-1.0': 2.56.0-4.0.0-beta.23
      '@girs/cairo-1.0': 1.0.0-4.0.0-beta.23
      '@girs/cogl-13': 13.0.0-4.0.0-beta.23
      '@girs/coglpango-13': 13.0.0-4.0.0-beta.23
      '@girs/freetype2-2.0': 2.0.0-4.0.0-beta.23
      '@girs/gio-2.0': 2.84.0-4.0.0-beta.23
      '@girs/gjs': 4.0.0-beta.23
      '@girs/gl-1.0': 1.0.0-4.0.0-beta.23
      '@girs/glib-2.0': 2.84.0-4.0.0-beta.23
      '@girs/gmodule-2.0': 2.0.0-4.0.0-beta.23
      '@girs/gobject-2.0': 2.84.0-4.0.0-beta.23
      '@girs/graphene-1.0': 1.0.0-4.0.0-beta.23
      '@girs/harfbuzz-0.0': 9.0.0-4.0.0-beta.23
      '@girs/json-1.0': 1.10.7-4.0.0-beta.23
      '@girs/mtk-13': 13.0.0-4.0.0-beta.23
      '@girs/pango-1.0': 1.56.4-4.0.0-beta.23
      '@girs/pangocairo-1.0': 1.0.0-4.0.0-beta.23

  '@girs/clutter-16@16.0.0-4.0.0-beta.23':
    dependencies:
      '@girs/atk-1.0': 2.56.0-4.0.0-beta.23
      '@girs/cairo-1.0': 1.0.0-4.0.0-beta.23
      '@girs/cogl-16': 16.0.0-4.0.0-beta.23
      '@girs/freetype2-2.0': 2.0.0-4.0.0-beta.23
      '@girs/gio-2.0': 2.84.0-4.0.0-beta.23
      '@girs/gjs': 4.0.0-beta.23
      '@girs/gl-1.0': 1.0.0-4.0.0-beta.23
      '@girs/glib-2.0': 2.84.0-4.0.0-beta.23
      '@girs/gmodule-2.0': 2.0.0-4.0.0-beta.23
      '@girs/gobject-2.0': 2.84.0-4.0.0-beta.23
      '@girs/graphene-1.0': 1.0.0-4.0.0-beta.23
      '@girs/harfbuzz-0.0': 9.0.0-4.0.0-beta.23
      '@girs/mtk-16': 16.0.0-4.0.0-beta.23
      '@girs/pango-1.0': 1.56.4-4.0.0-beta.23
      '@girs/xlib-2.0': 2.0.0-4.0.0-beta.23

  '@girs/cogl-13@13.0.0-4.0.0-beta.23':
    dependencies:
      '@girs/cairo-1.0': 1.0.0-4.0.0-beta.23
      '@girs/gjs': 4.0.0-beta.23
      '@girs/gl-1.0': 1.0.0-4.0.0-beta.23
      '@girs/glib-2.0': 2.84.0-4.0.0-beta.23
      '@girs/gobject-2.0': 2.84.0-4.0.0-beta.23
      '@girs/graphene-1.0': 1.0.0-4.0.0-beta.23

  '@girs/cogl-16@16.0.0-4.0.0-beta.23':
    dependencies:
      '@girs/gjs': 4.0.0-beta.23
      '@girs/gl-1.0': 1.0.0-4.0.0-beta.23
      '@girs/glib-2.0': 2.84.0-4.0.0-beta.23
      '@girs/gobject-2.0': 2.84.0-4.0.0-beta.23
      '@girs/graphene-1.0': 1.0.0-4.0.0-beta.23
      '@girs/mtk-16': 16.0.0-4.0.0-beta.23
      '@girs/xlib-2.0': 2.0.0-4.0.0-beta.23

  '@girs/cogl-2.0@2.0.0-4.0.0-beta.23':
    dependencies:
      '@girs/gjs': 4.0.0-beta.23
      '@girs/gl-1.0': 1.0.0-4.0.0-beta.23
      '@girs/glib-2.0': 2.84.0-4.0.0-beta.23
      '@girs/gobject-2.0': 2.84.0-4.0.0-beta.23

  '@girs/coglpango-13@13.0.0-4.0.0-beta.23':
    dependencies:
      '@girs/cairo-1.0': 1.0.0-4.0.0-beta.23
      '@girs/cogl-13': 13.0.0-4.0.0-beta.23
      '@girs/freetype2-2.0': 2.0.0-4.0.0-beta.23
      '@girs/gio-2.0': 2.84.0-4.0.0-beta.23
      '@girs/gjs': 4.0.0-beta.23
      '@girs/gl-1.0': 1.0.0-4.0.0-beta.23
      '@girs/glib-2.0': 2.84.0-4.0.0-beta.23
      '@girs/gmodule-2.0': 2.0.0-4.0.0-beta.23
      '@girs/gobject-2.0': 2.84.0-4.0.0-beta.23
      '@girs/graphene-1.0': 1.0.0-4.0.0-beta.23
      '@girs/harfbuzz-0.0': 9.0.0-4.0.0-beta.23
      '@girs/pango-1.0': 1.56.4-4.0.0-beta.23
      '@girs/pangocairo-1.0': 1.0.0-4.0.0-beta.23

  '@girs/freetype2-2.0@2.0.0-4.0.0-beta.23':
    dependencies:
      '@girs/gjs': 4.0.0-beta.23
      '@girs/gobject-2.0': 2.84.0-4.0.0-beta.23

  '@girs/gck-2@4.4.0-4.0.0-beta.23':
    dependencies:
      '@girs/gio-2.0': 2.84.0-4.0.0-beta.23
      '@girs/gjs': 4.0.0-beta.23
      '@girs/glib-2.0': 2.84.0-4.0.0-beta.23
      '@girs/gmodule-2.0': 2.0.0-4.0.0-beta.23
      '@girs/gobject-2.0': 2.84.0-4.0.0-beta.23

  '@girs/gcr-4@4.4.0-4.0.0-beta.23':
    dependencies:
      '@girs/gck-2': 4.4.0-4.0.0-beta.23
      '@girs/gio-2.0': 2.84.0-4.0.0-beta.23
      '@girs/gjs': 4.0.0-beta.23
      '@girs/glib-2.0': 2.84.0-4.0.0-beta.23
      '@girs/gmodule-2.0': 2.0.0-4.0.0-beta.23
      '@girs/gobject-2.0': 2.84.0-4.0.0-beta.23

  '@girs/gdesktopenums-3.0@3.0.0-4.0.0-beta.23':
    dependencies:
      '@girs/gjs': 4.0.0-beta.23
      '@girs/gobject-2.0': 2.84.0-4.0.0-beta.23

  '@girs/gdk-4.0@4.0.0-4.0.0-beta.23':
    dependencies:
      '@girs/cairo-1.0': 1.0.0-4.0.0-beta.23
      '@girs/freetype2-2.0': 2.0.0-4.0.0-beta.23
      '@girs/gdkpixbuf-2.0': 2.0.0-4.0.0-beta.23
      '@girs/gio-2.0': 2.84.0-4.0.0-beta.23
      '@girs/gjs': 4.0.0-beta.23
      '@girs/glib-2.0': 2.84.0-4.0.0-beta.23
      '@girs/gmodule-2.0': 2.0.0-4.0.0-beta.23
      '@girs/gobject-2.0': 2.84.0-4.0.0-beta.23
      '@girs/harfbuzz-0.0': 9.0.0-4.0.0-beta.23
      '@girs/pango-1.0': 1.56.4-4.0.0-beta.23
      '@girs/pangocairo-1.0': 1.0.0-4.0.0-beta.23

  '@girs/gdkpixbuf-2.0@2.0.0-4.0.0-beta.23':
    dependencies:
      '@girs/gio-2.0': 2.84.0-4.0.0-beta.23
      '@girs/gjs': 4.0.0-beta.23
      '@girs/glib-2.0': 2.84.0-4.0.0-beta.23
      '@girs/gmodule-2.0': 2.0.0-4.0.0-beta.23
      '@girs/gobject-2.0': 2.84.0-4.0.0-beta.23

  '@girs/gdm-1.0@1.0.0-4.0.0-beta.23':
    dependencies:
      '@girs/gio-2.0': 2.84.0-4.0.0-beta.23
      '@girs/gjs': 4.0.0-beta.23
      '@girs/glib-2.0': 2.84.0-4.0.0-beta.23
      '@girs/gmodule-2.0': 2.0.0-4.0.0-beta.23
      '@girs/gobject-2.0': 2.84.0-4.0.0-beta.23

  '@girs/gio-2.0@2.84.0-4.0.0-beta.23':
    dependencies:
      '@girs/gjs': 4.0.0-beta.23
      '@girs/glib-2.0': 2.84.0-4.0.0-beta.23
      '@girs/gmodule-2.0': 2.0.0-4.0.0-beta.23
      '@girs/gobject-2.0': 2.84.0-4.0.0-beta.23

  '@girs/gjs@4.0.0-beta.23':
    dependencies:
      '@girs/cairo-1.0': 1.0.0-4.0.0-beta.23
      '@girs/gio-2.0': 2.84.0-4.0.0-beta.23
      '@girs/glib-2.0': 2.84.0-4.0.0-beta.23
      '@girs/gobject-2.0': 2.84.0-4.0.0-beta.23

  '@girs/gl-1.0@1.0.0-4.0.0-beta.23':
    dependencies:
      '@girs/gjs': 4.0.0-beta.23
      '@girs/gobject-2.0': 2.84.0-4.0.0-beta.23

  '@girs/glib-2.0@2.84.0-4.0.0-beta.23':
    dependencies:
      '@girs/gjs': 4.0.0-beta.23
      '@girs/gobject-2.0': 2.84.0-4.0.0-beta.23

  '@girs/gmodule-2.0@2.0.0-4.0.0-beta.23':
    dependencies:
      '@girs/gjs': 4.0.0-beta.23
      '@girs/glib-2.0': 2.84.0-4.0.0-beta.23
      '@girs/gobject-2.0': 2.84.0-4.0.0-beta.23

  '@girs/gnome-shell@48.0.2':
    dependencies:
      '@girs/accountsservice-1.0': 1.0.0-4.0.0-beta.23
      '@girs/adw-1': 1.8.0-4.0.0-beta.23
      '@girs/atk-1.0': 2.56.0-4.0.0-beta.23
      '@girs/clutter-16': 16.0.0-4.0.0-beta.23
      '@girs/cogl-2.0': 2.0.0-4.0.0-beta.23
      '@girs/gcr-4': 4.4.0-4.0.0-beta.23
      '@girs/gdm-1.0': 1.0.0-4.0.0-beta.23
      '@girs/gio-2.0': 2.84.0-4.0.0-beta.23
      '@girs/gjs': 4.0.0-beta.23
      '@girs/glib-2.0': 2.84.0-4.0.0-beta.23
      '@girs/gnomebg-4.0': 4.0.0-4.0.0-beta.23
      '@girs/gnomebluetooth-3.0': 3.0.0-4.0.0-beta.23
      '@girs/gnomedesktop-4.0': 4.0.0-4.0.0-beta.23
      '@girs/gobject-2.0': 2.84.0-4.0.0-beta.23
      '@girs/gtk-4.0': 4.18.3-4.0.0-beta.23
      '@girs/gvc-1.0': 1.0.0-4.0.0-beta.23
      '@girs/meta-16': 16.0.0-4.0.0-beta.23
      '@girs/mtk-16': 16.0.0-4.0.0-beta.23
      '@girs/polkit-1.0': 1.0.0-4.0.0-beta.23
      '@girs/shell-16': 16.0.0-4.0.0-beta.23
      '@girs/shew-0': 0.0.0-4.0.0-beta.23
      '@girs/st-16': 16.0.0-4.0.0-beta.23
      '@girs/upowerglib-1.0': 0.99.1-4.0.0-beta.23

  '@girs/gnomebg-4.0@4.0.0-4.0.0-beta.23':
    dependencies:
      '@girs/cairo-1.0': 1.0.0-4.0.0-beta.23
      '@girs/freetype2-2.0': 2.0.0-4.0.0-beta.23
      '@girs/gdesktopenums-3.0': 3.0.0-4.0.0-beta.23
      '@girs/gdk-4.0': 4.0.0-4.0.0-beta.23
      '@girs/gdkpixbuf-2.0': 2.0.0-4.0.0-beta.23
      '@girs/gio-2.0': 2.84.0-4.0.0-beta.23
      '@girs/gjs': 4.0.0-beta.23
      '@girs/glib-2.0': 2.84.0-4.0.0-beta.23
      '@girs/gmodule-2.0': 2.0.0-4.0.0-beta.23
      '@girs/gnomedesktop-4.0': 4.0.0-4.0.0-beta.23
      '@girs/gobject-2.0': 2.84.0-4.0.0-beta.23
      '@girs/harfbuzz-0.0': 9.0.0-4.0.0-beta.23
      '@girs/pango-1.0': 1.56.4-4.0.0-beta.23
      '@girs/pangocairo-1.0': 1.0.0-4.0.0-beta.23

  '@girs/gnomebluetooth-3.0@3.0.0-4.0.0-beta.23':
    dependencies:
      '@girs/gio-2.0': 2.84.0-4.0.0-beta.23
      '@girs/gjs': 4.0.0-beta.23
      '@girs/glib-2.0': 2.84.0-4.0.0-beta.23
      '@girs/gmodule-2.0': 2.0.0-4.0.0-beta.23
      '@girs/gobject-2.0': 2.84.0-4.0.0-beta.23

  '@girs/gnomedesktop-4.0@4.0.0-4.0.0-beta.23':
    dependencies:
      '@girs/gdesktopenums-3.0': 3.0.0-4.0.0-beta.23
      '@girs/gdkpixbuf-2.0': 2.0.0-4.0.0-beta.23
      '@girs/gio-2.0': 2.84.0-4.0.0-beta.23
      '@girs/gjs': 4.0.0-beta.23
      '@girs/glib-2.0': 2.84.0-4.0.0-beta.23
      '@girs/gmodule-2.0': 2.0.0-4.0.0-beta.23
      '@girs/gobject-2.0': 2.84.0-4.0.0-beta.23

  '@girs/gobject-2.0@2.84.0-4.0.0-beta.23':
    dependencies:
      '@girs/gjs': 4.0.0-beta.23
      '@girs/glib-2.0': 2.84.0-4.0.0-beta.23

  '@girs/graphene-1.0@1.0.0-4.0.0-beta.23':
    dependencies:
      '@girs/gjs': 4.0.0-beta.23
      '@girs/glib-2.0': 2.84.0-4.0.0-beta.23
      '@girs/gobject-2.0': 2.84.0-4.0.0-beta.23

  '@girs/gsk-4.0@4.0.0-4.0.0-beta.23':
    dependencies:
      '@girs/cairo-1.0': 1.0.0-4.0.0-beta.23
      '@girs/freetype2-2.0': 2.0.0-4.0.0-beta.23
      '@girs/gdk-4.0': 4.0.0-4.0.0-beta.23
      '@girs/gdkpixbuf-2.0': 2.0.0-4.0.0-beta.23
      '@girs/gio-2.0': 2.84.0-4.0.0-beta.23
      '@girs/gjs': 4.0.0-beta.23
      '@girs/glib-2.0': 2.84.0-4.0.0-beta.23
      '@girs/gmodule-2.0': 2.0.0-4.0.0-beta.23
      '@girs/gobject-2.0': 2.84.0-4.0.0-beta.23
      '@girs/graphene-1.0': 1.0.0-4.0.0-beta.23
      '@girs/harfbuzz-0.0': 9.0.0-4.0.0-beta.23
      '@girs/pango-1.0': 1.56.4-4.0.0-beta.23
      '@girs/pangocairo-1.0': 1.0.0-4.0.0-beta.23

  '@girs/gtk-4.0@4.18.3-4.0.0-beta.23':
    dependencies:
      '@girs/cairo-1.0': 1.0.0-4.0.0-beta.23
      '@girs/freetype2-2.0': 2.0.0-4.0.0-beta.23
      '@girs/gdk-4.0': 4.0.0-4.0.0-beta.23
      '@girs/gdkpixbuf-2.0': 2.0.0-4.0.0-beta.23
      '@girs/gio-2.0': 2.84.0-4.0.0-beta.23
      '@girs/gjs': 4.0.0-beta.23
      '@girs/glib-2.0': 2.84.0-4.0.0-beta.23
      '@girs/gmodule-2.0': 2.0.0-4.0.0-beta.23
      '@girs/gobject-2.0': 2.84.0-4.0.0-beta.23
      '@girs/graphene-1.0': 1.0.0-4.0.0-beta.23
      '@girs/gsk-4.0': 4.0.0-4.0.0-beta.23
      '@girs/harfbuzz-0.0': 9.0.0-4.0.0-beta.23
      '@girs/pango-1.0': 1.56.4-4.0.0-beta.23
      '@girs/pangocairo-1.0': 1.0.0-4.0.0-beta.23

  '@girs/gvc-1.0@1.0.0-4.0.0-beta.23':
    dependencies:
      '@girs/gio-2.0': 2.84.0-4.0.0-beta.23
      '@girs/gjs': 4.0.0-beta.23
      '@girs/glib-2.0': 2.84.0-4.0.0-beta.23
      '@girs/gmodule-2.0': 2.0.0-4.0.0-beta.23
      '@girs/gobject-2.0': 2.84.0-4.0.0-beta.23

  '@girs/harfbuzz-0.0@9.0.0-4.0.0-beta.23':
    dependencies:
      '@girs/freetype2-2.0': 2.0.0-4.0.0-beta.23
      '@girs/gjs': 4.0.0-beta.23
      '@girs/glib-2.0': 2.84.0-4.0.0-beta.23
      '@girs/gobject-2.0': 2.84.0-4.0.0-beta.23

  '@girs/json-1.0@1.10.7-4.0.0-beta.23':
    dependencies:
      '@girs/gio-2.0': 2.84.0-4.0.0-beta.23
      '@girs/gjs': 4.0.0-beta.23
      '@girs/glib-2.0': 2.84.0-4.0.0-beta.23
      '@girs/gmodule-2.0': 2.0.0-4.0.0-beta.23
      '@girs/gobject-2.0': 2.84.0-4.0.0-beta.23

  '@girs/meta-13@13.0.0-4.0.0-beta.23':
    dependencies:
      '@girs/atk-1.0': 2.56.0-4.0.0-beta.23
      '@girs/cairo-1.0': 1.0.0-4.0.0-beta.23
      '@girs/clutter-13': 13.0.0-4.0.0-beta.23
      '@girs/cogl-13': 13.0.0-4.0.0-beta.23
      '@girs/coglpango-13': 13.0.0-4.0.0-beta.23
      '@girs/freetype2-2.0': 2.0.0-4.0.0-beta.23
      '@girs/gdesktopenums-3.0': 3.0.0-4.0.0-beta.23
      '@girs/gio-2.0': 2.84.0-4.0.0-beta.23
      '@girs/gjs': 4.0.0-beta.23
      '@girs/gl-1.0': 1.0.0-4.0.0-beta.23
      '@girs/glib-2.0': 2.84.0-4.0.0-beta.23
      '@girs/gmodule-2.0': 2.0.0-4.0.0-beta.23
      '@girs/gobject-2.0': 2.84.0-4.0.0-beta.23
      '@girs/graphene-1.0': 1.0.0-4.0.0-beta.23
      '@girs/harfbuzz-0.0': 9.0.0-4.0.0-beta.23
      '@girs/json-1.0': 1.10.7-4.0.0-beta.23
      '@girs/mtk-13': 13.0.0-4.0.0-beta.23
      '@girs/pango-1.0': 1.56.4-4.0.0-beta.23
      '@girs/pangocairo-1.0': 1.0.0-4.0.0-beta.23
      '@girs/xfixes-4.0': 4.0.0-4.0.0-beta.23
      '@girs/xlib-2.0': 2.0.0-4.0.0-beta.23

  '@girs/meta-16@16.0.0-4.0.0-beta.23':
    dependencies:
      '@girs/atk-1.0': 2.56.0-4.0.0-beta.23
      '@girs/cairo-1.0': 1.0.0-4.0.0-beta.23
      '@girs/clutter-16': 16.0.0-4.0.0-beta.23
      '@girs/cogl-16': 16.0.0-4.0.0-beta.23
      '@girs/freetype2-2.0': 2.0.0-4.0.0-beta.23
      '@girs/gdesktopenums-3.0': 3.0.0-4.0.0-beta.23
      '@girs/gio-2.0': 2.84.0-4.0.0-beta.23
      '@girs/gjs': 4.0.0-beta.23
      '@girs/gl-1.0': 1.0.0-4.0.0-beta.23
      '@girs/glib-2.0': 2.84.0-4.0.0-beta.23
      '@girs/gmodule-2.0': 2.0.0-4.0.0-beta.23
      '@girs/gobject-2.0': 2.84.0-4.0.0-beta.23
      '@girs/graphene-1.0': 1.0.0-4.0.0-beta.23
      '@girs/harfbuzz-0.0': 9.0.0-4.0.0-beta.23
      '@girs/mtk-16': 16.0.0-4.0.0-beta.23
      '@girs/pango-1.0': 1.56.4-4.0.0-beta.23
      '@girs/xfixes-4.0': 4.0.0-4.0.0-beta.23
      '@girs/xlib-2.0': 2.0.0-4.0.0-beta.23

  '@girs/mtk-13@13.0.0-4.0.0-beta.23':
    dependencies:
      '@girs/cairo-1.0': 1.0.0-4.0.0-beta.23
      '@girs/gjs': 4.0.0-beta.23
      '@girs/glib-2.0': 2.84.0-4.0.0-beta.23
      '@girs/gobject-2.0': 2.84.0-4.0.0-beta.23
      '@girs/graphene-1.0': 1.0.0-4.0.0-beta.23

  '@girs/mtk-16@16.0.0-4.0.0-beta.23':
    dependencies:
      '@girs/gjs': 4.0.0-beta.23
      '@girs/glib-2.0': 2.84.0-4.0.0-beta.23
      '@girs/gobject-2.0': 2.84.0-4.0.0-beta.23
      '@girs/graphene-1.0': 1.0.0-4.0.0-beta.23

  '@girs/nm-1.0@1.49.4-4.0.0-beta.23':
    dependencies:
      '@girs/gio-2.0': 2.84.0-4.0.0-beta.23
      '@girs/gjs': 4.0.0-beta.23
      '@girs/glib-2.0': 2.84.0-4.0.0-beta.23
      '@girs/gmodule-2.0': 2.0.0-4.0.0-beta.23
      '@girs/gobject-2.0': 2.84.0-4.0.0-beta.23

  '@girs/pango-1.0@1.56.4-4.0.0-beta.23':
    dependencies:
      '@girs/cairo-1.0': 1.0.0-4.0.0-beta.23
      '@girs/freetype2-2.0': 2.0.0-4.0.0-beta.23
      '@girs/gio-2.0': 2.84.0-4.0.0-beta.23
      '@girs/gjs': 4.0.0-beta.23
      '@girs/glib-2.0': 2.84.0-4.0.0-beta.23
      '@girs/gmodule-2.0': 2.0.0-4.0.0-beta.23
      '@girs/gobject-2.0': 2.84.0-4.0.0-beta.23
      '@girs/harfbuzz-0.0': 9.0.0-4.0.0-beta.23

  '@girs/pangocairo-1.0@1.0.0-4.0.0-beta.23':
    dependencies:
      '@girs/cairo-1.0': 1.0.0-4.0.0-beta.23
      '@girs/freetype2-2.0': 2.0.0-4.0.0-beta.23
      '@girs/gio-2.0': 2.84.0-4.0.0-beta.23
      '@girs/gjs': 4.0.0-beta.23
      '@girs/glib-2.0': 2.84.0-4.0.0-beta.23
      '@girs/gmodule-2.0': 2.0.0-4.0.0-beta.23
      '@girs/gobject-2.0': 2.84.0-4.0.0-beta.23
      '@girs/harfbuzz-0.0': 9.0.0-4.0.0-beta.23
      '@girs/pango-1.0': 1.56.4-4.0.0-beta.23

  '@girs/polkit-1.0@1.0.0-4.0.0-beta.23':
    dependencies:
      '@girs/gio-2.0': 2.84.0-4.0.0-beta.23
      '@girs/gjs': 4.0.0-beta.23
      '@girs/glib-2.0': 2.84.0-4.0.0-beta.23
      '@girs/gmodule-2.0': 2.0.0-4.0.0-beta.23
      '@girs/gobject-2.0': 2.84.0-4.0.0-beta.23

  '@girs/polkitagent-1.0@1.0.0-4.0.0-beta.23':
    dependencies:
      '@girs/gio-2.0': 2.84.0-4.0.0-beta.23
      '@girs/gjs': 4.0.0-beta.23
      '@girs/glib-2.0': 2.84.0-4.0.0-beta.23
      '@girs/gmodule-2.0': 2.0.0-4.0.0-beta.23
      '@girs/gobject-2.0': 2.84.0-4.0.0-beta.23
      '@girs/polkit-1.0': 1.0.0-4.0.0-beta.23

  '@girs/shell-13@13.0.0-4.0.0-beta.23':
    dependencies:
      '@girs/atk-1.0': 2.56.0-4.0.0-beta.23
      '@girs/cairo-1.0': 1.0.0-4.0.0-beta.23
      '@girs/cally-13': 13.0.0-4.0.0-beta.23
      '@girs/clutter-13': 13.0.0-4.0.0-beta.23
      '@girs/cogl-13': 13.0.0-4.0.0-beta.23
      '@girs/coglpango-13': 13.0.0-4.0.0-beta.23
      '@girs/freetype2-2.0': 2.0.0-4.0.0-beta.23
      '@girs/gck-2': 4.4.0-4.0.0-beta.23
      '@girs/gcr-4': 4.4.0-4.0.0-beta.23
      '@girs/gdesktopenums-3.0': 3.0.0-4.0.0-beta.23
      '@girs/gdkpixbuf-2.0': 2.0.0-4.0.0-beta.23
      '@girs/gio-2.0': 2.84.0-4.0.0-beta.23
      '@girs/gjs': 4.0.0-beta.23
      '@girs/gl-1.0': 1.0.0-4.0.0-beta.23
      '@girs/glib-2.0': 2.84.0-4.0.0-beta.23
      '@girs/gmodule-2.0': 2.0.0-4.0.0-beta.23
      '@girs/gobject-2.0': 2.84.0-4.0.0-beta.23
      '@girs/graphene-1.0': 1.0.0-4.0.0-beta.23
      '@girs/gvc-1.0': 1.0.0-4.0.0-beta.23
      '@girs/harfbuzz-0.0': 9.0.0-4.0.0-beta.23
      '@girs/json-1.0': 1.10.7-4.0.0-beta.23
      '@girs/meta-13': 13.0.0-4.0.0-beta.23
      '@girs/mtk-13': 13.0.0-4.0.0-beta.23
      '@girs/nm-1.0': 1.49.4-4.0.0-beta.23
      '@girs/pango-1.0': 1.56.4-4.0.0-beta.23
      '@girs/pangocairo-1.0': 1.0.0-4.0.0-beta.23
      '@girs/polkit-1.0': 1.0.0-4.0.0-beta.23
      '@girs/polkitagent-1.0': 1.0.0-4.0.0-beta.23
      '@girs/st-13': 13.0.0-4.0.0-beta.23
      '@girs/xfixes-4.0': 4.0.0-4.0.0-beta.23
      '@girs/xlib-2.0': 2.0.0-4.0.0-beta.23

  '@girs/shell-16@16.0.0-4.0.0-beta.23':
    dependencies:
      '@girs/atk-1.0': 2.56.0-4.0.0-beta.23
      '@girs/cairo-1.0': 1.0.0-4.0.0-beta.23
      '@girs/clutter-16': 16.0.0-4.0.0-beta.23
      '@girs/cogl-16': 16.0.0-4.0.0-beta.23
      '@girs/freetype2-2.0': 2.0.0-4.0.0-beta.23
      '@girs/gck-2': 4.4.0-4.0.0-beta.23
      '@girs/gcr-4': 4.4.0-4.0.0-beta.23
      '@girs/gdesktopenums-3.0': 3.0.0-4.0.0-beta.23
      '@girs/gdkpixbuf-2.0': 2.0.0-4.0.0-beta.23
      '@girs/gio-2.0': 2.84.0-4.0.0-beta.23
      '@girs/gjs': 4.0.0-beta.23
      '@girs/gl-1.0': 1.0.0-4.0.0-beta.23
      '@girs/glib-2.0': 2.84.0-4.0.0-beta.23
      '@girs/gmodule-2.0': 2.0.0-4.0.0-beta.23
      '@girs/gobject-2.0': 2.84.0-4.0.0-beta.23
      '@girs/graphene-1.0': 1.0.0-4.0.0-beta.23
      '@girs/gvc-1.0': 1.0.0-4.0.0-beta.23
      '@girs/harfbuzz-0.0': 9.0.0-4.0.0-beta.23
      '@girs/meta-16': 16.0.0-4.0.0-beta.23
      '@girs/mtk-16': 16.0.0-4.0.0-beta.23
      '@girs/nm-1.0': 1.49.4-4.0.0-beta.23
      '@girs/pango-1.0': 1.56.4-4.0.0-beta.23
      '@girs/polkit-1.0': 1.0.0-4.0.0-beta.23
      '@girs/polkitagent-1.0': 1.0.0-4.0.0-beta.23
      '@girs/st-16': 16.0.0-4.0.0-beta.23
      '@girs/xfixes-4.0': 4.0.0-4.0.0-beta.23
      '@girs/xlib-2.0': 2.0.0-4.0.0-beta.23

  '@girs/shew-0@0.0.0-4.0.0-beta.23':
    dependencies:
      '@girs/cairo-1.0': 1.0.0-4.0.0-beta.23
      '@girs/freetype2-2.0': 2.0.0-4.0.0-beta.23
      '@girs/gdk-4.0': 4.0.0-4.0.0-beta.23
      '@girs/gdkpixbuf-2.0': 2.0.0-4.0.0-beta.23
      '@girs/gio-2.0': 2.84.0-4.0.0-beta.23
      '@girs/gjs': 4.0.0-beta.23
      '@girs/glib-2.0': 2.84.0-4.0.0-beta.23
      '@girs/gmodule-2.0': 2.0.0-4.0.0-beta.23
      '@girs/gobject-2.0': 2.84.0-4.0.0-beta.23
      '@girs/graphene-1.0': 1.0.0-4.0.0-beta.23
      '@girs/gsk-4.0': 4.0.0-4.0.0-beta.23
      '@girs/gtk-4.0': 4.18.3-4.0.0-beta.23
      '@girs/harfbuzz-0.0': 9.0.0-4.0.0-beta.23
      '@girs/pango-1.0': 1.56.4-4.0.0-beta.23
      '@girs/pangocairo-1.0': 1.0.0-4.0.0-beta.23

  '@girs/soup-3.0@3.6.4-4.0.0-beta.23':
    dependencies:
      '@girs/gio-2.0': 2.84.0-4.0.0-beta.23
      '@girs/gjs': 4.0.0-beta.23
      '@girs/glib-2.0': 2.84.0-4.0.0-beta.23
      '@girs/gmodule-2.0': 2.0.0-4.0.0-beta.23
      '@girs/gobject-2.0': 2.84.0-4.0.0-beta.23

  '@girs/st-13@13.0.0-4.0.0-beta.23':
    dependencies:
      '@girs/atk-1.0': 2.56.0-4.0.0-beta.23
      '@girs/cairo-1.0': 1.0.0-4.0.0-beta.23
      '@girs/cally-13': 13.0.0-4.0.0-beta.23
      '@girs/clutter-13': 13.0.0-4.0.0-beta.23
      '@girs/cogl-13': 13.0.0-4.0.0-beta.23
      '@girs/coglpango-13': 13.0.0-4.0.0-beta.23
      '@girs/freetype2-2.0': 2.0.0-4.0.0-beta.23
      '@girs/gdesktopenums-3.0': 3.0.0-4.0.0-beta.23
      '@girs/gdkpixbuf-2.0': 2.0.0-4.0.0-beta.23
      '@girs/gio-2.0': 2.84.0-4.0.0-beta.23
      '@girs/gjs': 4.0.0-beta.23
      '@girs/gl-1.0': 1.0.0-4.0.0-beta.23
      '@girs/glib-2.0': 2.84.0-4.0.0-beta.23
      '@girs/gmodule-2.0': 2.0.0-4.0.0-beta.23
      '@girs/gobject-2.0': 2.84.0-4.0.0-beta.23
      '@girs/graphene-1.0': 1.0.0-4.0.0-beta.23
      '@girs/harfbuzz-0.0': 9.0.0-4.0.0-beta.23
      '@girs/json-1.0': 1.10.7-4.0.0-beta.23
      '@girs/meta-13': 13.0.0-4.0.0-beta.23
      '@girs/mtk-13': 13.0.0-4.0.0-beta.23
      '@girs/pango-1.0': 1.56.4-4.0.0-beta.23
      '@girs/pangocairo-1.0': 1.0.0-4.0.0-beta.23
      '@girs/xfixes-4.0': 4.0.0-4.0.0-beta.23
      '@girs/xlib-2.0': 2.0.0-4.0.0-beta.23

  '@girs/st-16@16.0.0-4.0.0-beta.23':
    dependencies:
      '@girs/atk-1.0': 2.56.0-4.0.0-beta.23
      '@girs/cairo-1.0': 1.0.0-4.0.0-beta.23
      '@girs/clutter-16': 16.0.0-4.0.0-beta.23
      '@girs/cogl-16': 16.0.0-4.0.0-beta.23
      '@girs/freetype2-2.0': 2.0.0-4.0.0-beta.23
      '@girs/gdesktopenums-3.0': 3.0.0-4.0.0-beta.23
      '@girs/gdkpixbuf-2.0': 2.0.0-4.0.0-beta.23
      '@girs/gio-2.0': 2.84.0-4.0.0-beta.23
      '@girs/gjs': 4.0.0-beta.23
      '@girs/gl-1.0': 1.0.0-4.0.0-beta.23
      '@girs/glib-2.0': 2.84.0-4.0.0-beta.23
      '@girs/gmodule-2.0': 2.0.0-4.0.0-beta.23
      '@girs/gobject-2.0': 2.84.0-4.0.0-beta.23
      '@girs/graphene-1.0': 1.0.0-4.0.0-beta.23
      '@girs/harfbuzz-0.0': 9.0.0-4.0.0-beta.23
      '@girs/meta-16': 16.0.0-4.0.0-beta.23
      '@girs/mtk-16': 16.0.0-4.0.0-beta.23
      '@girs/pango-1.0': 1.56.4-4.0.0-beta.23
      '@girs/xfixes-4.0': 4.0.0-4.0.0-beta.23
      '@girs/xlib-2.0': 2.0.0-4.0.0-beta.23

  '@girs/upowerglib-1.0@0.99.1-4.0.0-beta.23':
    dependencies:
      '@girs/gio-2.0': 2.84.0-4.0.0-beta.23
      '@girs/gjs': 4.0.0-beta.23
      '@girs/glib-2.0': 2.84.0-4.0.0-beta.23
      '@girs/gmodule-2.0': 2.0.0-4.0.0-beta.23
      '@girs/gobject-2.0': 2.84.0-4.0.0-beta.23

  '@girs/xfixes-4.0@4.0.0-4.0.0-beta.23':
    dependencies:
      '@girs/gjs': 4.0.0-beta.23
      '@girs/gobject-2.0': 2.84.0-4.0.0-beta.23

  '@girs/xlib-2.0@2.0.0-4.0.0-beta.23':
    dependencies:
      '@girs/gjs': 4.0.0-beta.23
      '@girs/gobject-2.0': 2.84.0-4.0.0-beta.23
